
Microsoft Visual Studio Solution File, Format Version 12.00
# Visual Studio Version 17
VisualStudioVersion = 17.3.32819.101
MinimumVisualStudioVersion = 10.0.40219.1
Project("{FAE04EC0-301F-11D3-BF4B-00C04F79EFBC}") = "PK17", "PK17\PK17.csproj", "{7341EB70-1CB8-42C2-8A0B-A2711ED0176B}"
EndProject
Global
	GlobalSection(SolutionConfigurationPlatforms) = preSolution
		Debug|Any CPU = Debug|Any CPU
		Release|Any CPU = Release|Any CPU
	EndGlobalSection
	GlobalSection(ProjectConfigurationPlatforms) = postSolution
		{7341EB70-1CB8-42C2-8A0B-A2711ED0176B}.Debug|Any CPU.ActiveCfg = Debug|Any CPU
		{7341EB70-1CB8-42C2-8A0B-A2711ED0176B}.Debug|Any CPU.Build.0 = Debug|Any CPU
		{7341EB70-1CB8-42C2-8A0B-A2711ED0176B}.Release|Any CPU.ActiveCfg = Release|Any CPU
		{7341EB70-1CB8-42C2-8A0B-A2711ED0176B}.Release|Any CPU.Build.0 = Release|Any CPU
	EndGlobalSection
	GlobalSection(SolutionProperties) = preSolution
		HideSolutionNode = FALSE
	EndGlobalSection
	GlobalSection(ExtensibilityGlobals) = postSolution
		SolutionGuid = {615D85D2-7B39-4E9C-B2C3-544E7B9BA418}
	EndGlobalSection
EndGlobal
